
Microsoft Visual Studio Solution File, Format Version 12.00
# Visual Studio Version 17
VisualStudioVersion = 17.14.36301.6 d17.14
MinimumVisualStudioVersion = 10.0.40219.1
Project("{FAE04EC0-301F-11D3-BF4B-00C04F79EFBC}") = "WeatherUtils", "WeatherUtils\WeatherUtils.csproj", "{F642E72F-9C87-4975-A08D-6FB0874783D2}"
EndProject
Global
	GlobalSection(SolutionConfigurationPlatforms) = preSolution
		Debug|Any CPU = Debug|Any CPU
		Release|Any CPU = Release|Any CPU
	EndGlobalSection
	GlobalSection(ProjectConfigurationPlatforms) = postSolution
		{F642E72F-9C87-4975-A08D-6FB0874783D2}.Debug|Any CPU.ActiveCfg = Debug|Any CPU
		{F642E72F-9C87-4975-A08D-6FB0874783D2}.Debug|Any CPU.Build.0 = Debug|Any CPU
		{F642E72F-9C87-4975-A08D-6FB0874783D2}.Release|Any CPU.ActiveCfg = Release|Any CPU
		{F642E72F-9C87-4975-A08D-6FB0874783D2}.Release|Any CPU.Build.0 = Release|Any CPU
	EndGlobalSection
	GlobalSection(SolutionProperties) = preSolution
		HideSolutionNode = FALSE
	EndGlobalSection
	GlobalSection(ExtensibilityGlobals) = postSolution
		SolutionGuid = {144CCB0B-9684-4EB6-A941-5312E1D7D636}
	EndGlobalSection
EndGlobal
